
Microsoft Visual Studio Solution File, Format Version 12.00
# Visual Studio Version 17
VisualStudioVersion = 17.5.002.0
MinimumVisualStudioVersion = 10.0.40219.1
Project("{9A19103F-16F7-4668-BE54-9A1E7A4F7556}") = "day9", "day9.csproj", "{1F764293-EFF3-4588-A3A0-632258BF70EA}"
EndProject
Global
	GlobalSection(SolutionConfigurationPlatforms) = preSolution
		Debug|Any CPU = Debug|Any CPU
		Release|Any CPU = Release|Any CPU
	EndGlobalSection
	GlobalSection(ProjectConfigurationPlatforms) = postSolution
		{1F764293-EFF3-4588-A3A0-632258BF70EA}.Debug|Any CPU.ActiveCfg = Debug|Any CPU
		{1F764293-EFF3-4588-A3A0-632258BF70EA}.Debug|Any CPU.Build.0 = Debug|Any CPU
		{1F764293-EFF3-4588-A3A0-632258BF70EA}.Release|Any CPU.ActiveCfg = Release|Any CPU
		{1F764293-EFF3-4588-A3A0-632258BF70EA}.Release|Any CPU.Build.0 = Release|Any CPU
	EndGlobalSection
	GlobalSection(SolutionProperties) = preSolution
		HideSolutionNode = FALSE
	EndGlobalSection
	GlobalSection(ExtensibilityGlobals) = postSolution
		SolutionGuid = {C5A92A01-92E4-4E36-90F7-74F032A7F353}
	EndGlobalSection
EndGlobal
