
Microsoft Visual Studio Solution File, Format Version 12.00
# Visual Studio Version 17
VisualStudioVersion = 17.5.002.0
MinimumVisualStudioVersion = 10.0.40219.1
Project("{9A19103F-16F7-4668-BE54-9A1E7A4F7556}") = "Day10", "Day10.csproj", "{626359DC-18E9-4460-89DB-6CD74A8DEBBA}"
EndProject
Global
	GlobalSection(SolutionConfigurationPlatforms) = preSolution
		Debug|Any CPU = Debug|Any CPU
		Release|Any CPU = Release|Any CPU
	EndGlobalSection
	GlobalSection(ProjectConfigurationPlatforms) = postSolution
		{626359DC-18E9-4460-89DB-6CD74A8DEBBA}.Debug|Any CPU.ActiveCfg = Debug|Any CPU
		{626359DC-18E9-4460-89DB-6CD74A8DEBBA}.Debug|Any CPU.Build.0 = Debug|Any CPU
		{626359DC-18E9-4460-89DB-6CD74A8DEBBA}.Release|Any CPU.ActiveCfg = Release|Any CPU
		{626359DC-18E9-4460-89DB-6CD74A8DEBBA}.Release|Any CPU.Build.0 = Release|Any CPU
	EndGlobalSection
	GlobalSection(SolutionProperties) = preSolution
		HideSolutionNode = FALSE
	EndGlobalSection
	GlobalSection(ExtensibilityGlobals) = postSolution
		SolutionGuid = {4764C78D-D5F2-4B67-B0A8-C517AABD81E2}
	EndGlobalSection
EndGlobal
